
Microsoft Visual Studio Solution File, Format Version 12.00
# Visual Studio Version 16
VisualStudioVersion = 16.0.32413.511
MinimumVisualStudioVersion = 10.0.40219.1
Project("{FAE04EC0-301F-11D3-BF4B-00C04F79EFBC}") = "Question1_Html", "Question1_Html\Question1_Html.csproj", "{437317A1-C099-4B99-ABFB-F4593812760D}"
EndProject
Global
	GlobalSection(SolutionConfigurationPlatforms) = preSolution
		Debug|Any CPU = Debug|Any CPU
		Release|Any CPU = Release|Any CPU
	EndGlobalSection
	GlobalSection(ProjectConfigurationPlatforms) = postSolution
		{437317A1-C099-4B99-ABFB-F4593812760D}.Debug|Any CPU.ActiveCfg = Debug|Any CPU
		{437317A1-C099-4B99-ABFB-F4593812760D}.Debug|Any CPU.Build.0 = Debug|Any CPU
		{437317A1-C099-4B99-ABFB-F4593812760D}.Release|Any CPU.ActiveCfg = Release|Any CPU
		{437317A1-C099-4B99-ABFB-F4593812760D}.Release|Any CPU.Build.0 = Release|Any CPU
	EndGlobalSection
	GlobalSection(SolutionProperties) = preSolution
		HideSolutionNode = FALSE
	EndGlobalSection
	GlobalSection(ExtensibilityGlobals) = postSolution
		SolutionGuid = {CB0C1530-190D-43C7-94DC-734FC21F8938}
	EndGlobalSection
EndGlobal
