
Microsoft Visual Studio Solution File, Format Version 12.00
# Visual Studio Version 16
VisualStudioVersion = 16.0.32413.511
MinimumVisualStudioVersion = 10.0.40219.1
Project("{FAE04EC0-301F-11D3-BF4B-00C04F79EFBC}") = "Assignment7", "Assignment7\Assignment7.csproj", "{2343117B-5521-4691-943B-C81C565DDE58}"
EndProject
Global
	GlobalSection(SolutionConfigurationPlatforms) = preSolution
		Debug|Any CPU = Debug|Any CPU
		Release|Any CPU = Release|Any CPU
	EndGlobalSection
	GlobalSection(ProjectConfigurationPlatforms) = postSolution
		{2343117B-5521-4691-943B-C81C565DDE58}.Debug|Any CPU.ActiveCfg = Debug|Any CPU
		{2343117B-5521-4691-943B-C81C565DDE58}.Debug|Any CPU.Build.0 = Debug|Any CPU
		{2343117B-5521-4691-943B-C81C565DDE58}.Release|Any CPU.ActiveCfg = Release|Any CPU
		{2343117B-5521-4691-943B-C81C565DDE58}.Release|Any CPU.Build.0 = Release|Any CPU
	EndGlobalSection
	GlobalSection(SolutionProperties) = preSolution
		HideSolutionNode = FALSE
	EndGlobalSection
	GlobalSection(ExtensibilityGlobals) = postSolution
		SolutionGuid = {0C8A55DF-460D-4574-B731-D0309C9AF33A}
	EndGlobalSection
EndGlobal
