
Microsoft Visual Studio Solution File, Format Version 12.00
# Visual Studio Version 16
VisualStudioVersion = 16.0.32413.511
MinimumVisualStudioVersion = 10.0.40219.1
Project("{FAE04EC0-301F-11D3-BF4B-00C04F79EFBC}") = "MVC_Customers", "MVC_Customers\MVC_Customers.csproj", "{D7666783-223C-47FB-A36C-3C3736042FD9}"
EndProject
Global
	GlobalSection(SolutionConfigurationPlatforms) = preSolution
		Debug|Any CPU = Debug|Any CPU
		Release|Any CPU = Release|Any CPU
	EndGlobalSection
	GlobalSection(ProjectConfigurationPlatforms) = postSolution
		{D7666783-223C-47FB-A36C-3C3736042FD9}.Debug|Any CPU.ActiveCfg = Debug|Any CPU
		{D7666783-223C-47FB-A36C-3C3736042FD9}.Debug|Any CPU.Build.0 = Debug|Any CPU
		{D7666783-223C-47FB-A36C-3C3736042FD9}.Release|Any CPU.ActiveCfg = Release|Any CPU
		{D7666783-223C-47FB-A36C-3C3736042FD9}.Release|Any CPU.Build.0 = Release|Any CPU
	EndGlobalSection
	GlobalSection(SolutionProperties) = preSolution
		HideSolutionNode = FALSE
	EndGlobalSection
	GlobalSection(ExtensibilityGlobals) = postSolution
		SolutionGuid = {933BF456-E4E0-4D8E-87A7-574195042A06}
	EndGlobalSection
EndGlobal
