
Microsoft Visual Studio Solution File, Format Version 12.00
# Visual Studio Version 16
VisualStudioVersion = 16.0.32413.511
MinimumVisualStudioVersion = 10.0.40219.1
Project("{FAE04EC0-301F-11D3-BF4B-00C04F79EFBC}") = "Question_2", "Question_2\Question_2.csproj", "{5E96D103-D449-431C-BD6D-8D71576B6BE8}"
EndProject
Global
	GlobalSection(SolutionConfigurationPlatforms) = preSolution
		Debug|Any CPU = Debug|Any CPU
		Release|Any CPU = Release|Any CPU
	EndGlobalSection
	GlobalSection(ProjectConfigurationPlatforms) = postSolution
		{5E96D103-D449-431C-BD6D-8D71576B6BE8}.Debug|Any CPU.ActiveCfg = Debug|Any CPU
		{5E96D103-D449-431C-BD6D-8D71576B6BE8}.Debug|Any CPU.Build.0 = Debug|Any CPU
		{5E96D103-D449-431C-BD6D-8D71576B6BE8}.Release|Any CPU.ActiveCfg = Release|Any CPU
		{5E96D103-D449-431C-BD6D-8D71576B6BE8}.Release|Any CPU.Build.0 = Release|Any CPU
	EndGlobalSection
	GlobalSection(SolutionProperties) = preSolution
		HideSolutionNode = FALSE
	EndGlobalSection
	GlobalSection(ExtensibilityGlobals) = postSolution
		SolutionGuid = {36D6F6D1-884C-4FBF-92D9-49A565E99724}
	EndGlobalSection
EndGlobal
