
Microsoft Visual Studio Solution File, Format Version 12.00
# Visual Studio Version 16
VisualStudioVersion = 16.0.32413.511
MinimumVisualStudioVersion = 10.0.40219.1
Project("{FAE04EC0-301F-11D3-BF4B-00C04F79EFBC}") = "miniproject", "miniproject\miniproject.csproj", "{F7F17DFB-48AF-4D4F-94C3-678599D0407D}"
EndProject
Global
	GlobalSection(SolutionConfigurationPlatforms) = preSolution
		Debug|Any CPU = Debug|Any CPU
		Release|Any CPU = Release|Any CPU
	EndGlobalSection
	GlobalSection(ProjectConfigurationPlatforms) = postSolution
		{F7F17DFB-48AF-4D4F-94C3-678599D0407D}.Debug|Any CPU.ActiveCfg = Debug|Any CPU
		{F7F17DFB-48AF-4D4F-94C3-678599D0407D}.Debug|Any CPU.Build.0 = Debug|Any CPU
		{F7F17DFB-48AF-4D4F-94C3-678599D0407D}.Release|Any CPU.ActiveCfg = Release|Any CPU
		{F7F17DFB-48AF-4D4F-94C3-678599D0407D}.Release|Any CPU.Build.0 = Release|Any CPU
	EndGlobalSection
	GlobalSection(SolutionProperties) = preSolution
		HideSolutionNode = FALSE
	EndGlobalSection
	GlobalSection(ExtensibilityGlobals) = postSolution
		SolutionGuid = {961CDBF5-9DFF-4937-9F70-FC6EFC528A82}
	EndGlobalSection
EndGlobal
