
Microsoft Visual Studio Solution File, Format Version 12.00
# Visual Studio Version 16
VisualStudioVersion = 16.0.32413.511
MinimumVisualStudioVersion = 10.0.40219.1
Project("{FAE04EC0-301F-11D3-BF4B-00C04F79EFBC}") = "codebase test 2", "codebase test 2\codebase test 2.csproj", "{BBC6A275-0619-4C8E-B38F-8B6D612A8188}"
EndProject
Global
	GlobalSection(SolutionConfigurationPlatforms) = preSolution
		Debug|Any CPU = Debug|Any CPU
		Release|Any CPU = Release|Any CPU
	EndGlobalSection
	GlobalSection(ProjectConfigurationPlatforms) = postSolution
		{BBC6A275-0619-4C8E-B38F-8B6D612A8188}.Debug|Any CPU.ActiveCfg = Debug|Any CPU
		{BBC6A275-0619-4C8E-B38F-8B6D612A8188}.Debug|Any CPU.Build.0 = Debug|Any CPU
		{BBC6A275-0619-4C8E-B38F-8B6D612A8188}.Release|Any CPU.ActiveCfg = Release|Any CPU
		{BBC6A275-0619-4C8E-B38F-8B6D612A8188}.Release|Any CPU.Build.0 = Release|Any CPU
	EndGlobalSection
	GlobalSection(SolutionProperties) = preSolution
		HideSolutionNode = FALSE
	EndGlobalSection
	GlobalSection(ExtensibilityGlobals) = postSolution
		SolutionGuid = {2A40C736-A767-4878-A5B9-B20F1D0460AE}
	EndGlobalSection
EndGlobal
