
Microsoft Visual Studio Solution File, Format Version 12.00
# Visual Studio Version 16
VisualStudioVersion = 16.0.32413.511
MinimumVisualStudioVersion = 10.0.40219.1
Project("{FAE04EC0-301F-11D3-BF4B-00C04F79EFBC}") = "javascriptAssignment", "javascriptAssignment\javascriptAssignment.csproj", "{F06A2E5A-9714-48B0-BD29-40EDEB3AE40B}"
EndProject
Global
	GlobalSection(SolutionConfigurationPlatforms) = preSolution
		Debug|Any CPU = Debug|Any CPU
		Release|Any CPU = Release|Any CPU
	EndGlobalSection
	GlobalSection(ProjectConfigurationPlatforms) = postSolution
		{F06A2E5A-9714-48B0-BD29-40EDEB3AE40B}.Debug|Any CPU.ActiveCfg = Debug|Any CPU
		{F06A2E5A-9714-48B0-BD29-40EDEB3AE40B}.Debug|Any CPU.Build.0 = Debug|Any CPU
		{F06A2E5A-9714-48B0-BD29-40EDEB3AE40B}.Release|Any CPU.ActiveCfg = Release|Any CPU
		{F06A2E5A-9714-48B0-BD29-40EDEB3AE40B}.Release|Any CPU.Build.0 = Release|Any CPU
	EndGlobalSection
	GlobalSection(SolutionProperties) = preSolution
		HideSolutionNode = FALSE
	EndGlobalSection
	GlobalSection(ExtensibilityGlobals) = postSolution
		SolutionGuid = {C6562250-4B73-4E30-A79F-901ADE6F6980}
	EndGlobalSection
EndGlobal
